
Microsoft Visual Studio Solution File, Format Version 12.00
# Visual Studio Version 17
VisualStudioVersion = 17.0.32014.148
MinimumVisualStudioVersion = 10.0.40219.1
Project("{FAE04EC0-301F-11D3-BF4B-00C04F79EFBC}") = "UIURescueSquad", "UIURescueSquad\UIURescueSquad.csproj", "{C0C0BD45-418B-4FB8-A3E3-F0C42341EA25}"
EndProject
Global
	GlobalSection(SolutionConfigurationPlatforms) = preSolution
		Debug|Any CPU = Debug|Any CPU
		Release|Any CPU = Release|Any CPU
	EndGlobalSection
	GlobalSection(ProjectConfigurationPlatforms) = postSolution
		{C0C0BD45-418B-4FB8-A3E3-F0C42341EA25}.Debug|Any CPU.ActiveCfg = Debug|Any CPU
		{C0C0BD45-418B-4FB8-A3E3-F0C42341EA25}.Debug|Any CPU.Build.0 = Debug|Any CPU
		{C0C0BD45-418B-4FB8-A3E3-F0C42341EA25}.Release|Any CPU.ActiveCfg = Release|Any CPU
		{C0C0BD45-418B-4FB8-A3E3-F0C42341EA25}.Release|Any CPU.Build.0 = Release|Any CPU
	EndGlobalSection
	GlobalSection(SolutionProperties) = preSolution
		HideSolutionNode = FALSE
	EndGlobalSection
	GlobalSection(ExtensibilityGlobals) = postSolution
		SolutionGuid = {57017559-9F5B-495E-99BE-8616663C91D4}
	EndGlobalSection
EndGlobal
